
Microsoft Visual Studio Solution File, Format Version 12.00
# Visual Studio Version 16
VisualStudioVersion = 16.0.29201.188
MinimumVisualStudioVersion = 10.0.40219.1
Project("{FAE04EC0-301F-11D3-BF4B-00C04F79EFBC}") = "leetcode.dotnet", "leetcode.dotnet\leetcode.dotnet.csproj", "{19704E40-0C2F-4511-B709-AAABF0238E3C}"
EndProject
Project("{FAE04EC0-301F-11D3-BF4B-00C04F79EFBC}") = "leetcode.dotnet.test", "leetcode.dotnet.test\leetcode.dotnet.test.csproj", "{2B0B3EB1-4900-45EB-BCB3-5866FF6265B9}"
EndProject
Global
	GlobalSection(SolutionConfigurationPlatforms) = preSolution
		Debug|Any CPU = Debug|Any CPU
		Release|Any CPU = Release|Any CPU
	EndGlobalSection
	GlobalSection(ProjectConfigurationPlatforms) = postSolution
		{19704E40-0C2F-4511-B709-AAABF0238E3C}.Debug|Any CPU.ActiveCfg = Debug|Any CPU
		{19704E40-0C2F-4511-B709-AAABF0238E3C}.Debug|Any CPU.Build.0 = Debug|Any CPU
		{19704E40-0C2F-4511-B709-AAABF0238E3C}.Release|Any CPU.ActiveCfg = Release|Any CPU
		{19704E40-0C2F-4511-B709-AAABF0238E3C}.Release|Any CPU.Build.0 = Release|Any CPU
		{2B0B3EB1-4900-45EB-BCB3-5866FF6265B9}.Debug|Any CPU.ActiveCfg = Debug|Any CPU
		{2B0B3EB1-4900-45EB-BCB3-5866FF6265B9}.Debug|Any CPU.Build.0 = Debug|Any CPU
		{2B0B3EB1-4900-45EB-BCB3-5866FF6265B9}.Release|Any CPU.ActiveCfg = Release|Any CPU
		{2B0B3EB1-4900-45EB-BCB3-5866FF6265B9}.Release|Any CPU.Build.0 = Release|Any CPU
	EndGlobalSection
	GlobalSection(SolutionProperties) = preSolution
		HideSolutionNode = FALSE
	EndGlobalSection
	GlobalSection(ExtensibilityGlobals) = postSolution
		SolutionGuid = {B7878C23-8FFC-4808-AEA1-A9FF1D24774F}
	EndGlobalSection
EndGlobal
